<?xml version="1.0"?>
<CONFIG>
  <ProjectOptions>
    <Version Value="9"/>
    <PathDelim Value="\"/>
    <General>
      <MainUnit Value="0"/>
      <UseXPManifest Value="True"/>
      <Icon Value="0"/>
      <ActiveWindowIndexAtStart Value="0"/>
    </General>
    <VersionInfo>
      <Language Value=""/>
      <CharSet Value=""/>
      <StringTable ProductVersion=""/>
    </VersionInfo>
    <BuildModes Count="1">
      <Item1 Name="default" Default="True"/>
    </BuildModes>
    <PublishOptions>
      <Version Value="2"/>
      <IgnoreBinaries Value="False"/>
      <IncludeFileFilter Value="*.(pas|pp|inc|lfm|lpr|lrs|lpi|lpk|sh|xml)"/>
      <ExcludeFileFilter Value="*.(bak|ppu|ppw|o|so);*~;backup"/>
    </PublishOptions>
    <RunParams>
      <local>
        <FormatVersion Value="1"/>
        <LaunchingApplication PathPlusParams="\usr\X11R6\bin\xterm -T 'Lazarus Run Output' -e $(LazarusDir)\tools\runwait.sh $(TargetCmdLine)"/>
      </local>
    </RunParams>
    <RequiredPackages Count="2">
      <Item1>
        <PackageName Value="SynEdit"/>
        <MinVersion Major="1" Valid="True"/>
      </Item1>
      <Item2>
        <PackageName Value="LCL"/>
      </Item2>
    </RequiredPackages>
    <Units Count="14">
      <Unit0>
        <Filename Value="ssm.lpr"/>
        <IsPartOfProject Value="True"/>
        <UnitName Value="ssm"/>
        <WindowIndex Value="0"/>
        <TopLine Value="1"/>
        <CursorPos X="1" Y="22"/>
        <UsageCount Value="80"/>
      </Unit0>
      <Unit1>
        <Filename Value="main.pas"/>
        <IsPartOfProject Value="True"/>
        <ComponentName Value="frmMain"/>
        <HasResources Value="True"/>
        <ResourceBaseClass Value="Form"/>
        <UnitName Value="main"/>
        <IsVisibleTab Value="True"/>
        <EditorIndex Value="0"/>
        <WindowIndex Value="0"/>
        <TopLine Value="263"/>
        <CursorPos X="37" Y="288"/>
        <UsageCount Value="80"/>
        <Loaded Value="True"/>
        <LoadedDesigner Value="True"/>
      </Unit1>
      <Unit2>
        <Filename Value="..\synapse\source\lib\synacode.pas"/>
        <IsPartOfProject Value="True"/>
        <UnitName Value="synacode"/>
        <UsageCount Value="80"/>
      </Unit2>
      <Unit3>
        <Filename Value="..\synapse\source\lib\httpsend.pas"/>
        <IsPartOfProject Value="True"/>
        <UnitName Value="httpsend"/>
        <UsageCount Value="80"/>
      </Unit3>
      <Unit4>
        <Filename Value="about.pas"/>
        <IsPartOfProject Value="True"/>
        <ComponentName Value="frmAbout"/>
        <HasResources Value="True"/>
        <ResourceBaseClass Value="Form"/>
        <UnitName Value="about"/>
        <EditorIndex Value="2"/>
        <WindowIndex Value="0"/>
        <TopLine Value="54"/>
        <CursorPos X="19" Y="4"/>
        <UsageCount Value="72"/>
        <Loaded Value="True"/>
        <LoadedDesigner Value="True"/>
      </Unit4>
      <Unit5>
        <Filename Value="synapse\source\lib\ssfpc.pas"/>
        <UnitName Value="ssfpc"/>
        <WindowIndex Value="0"/>
        <TopLine Value="1"/>
        <CursorPos X="6" Y="517"/>
        <UsageCount Value="8"/>
      </Unit5>
      <Unit6>
        <Filename Value="FastHTMLParser.pas"/>
        <UnitName Value="FastHTMLParser"/>
        <WindowIndex Value="0"/>
        <TopLine Value="471"/>
        <CursorPos X="34" Y="100"/>
        <UsageCount Value="8"/>
      </Unit6>
      <Unit7>
        <Filename Value="xmlparser.pas"/>
        <UnitName Value="XMLParser"/>
        <WindowIndex Value="0"/>
        <TopLine Value="223"/>
        <CursorPos X="1" Y="24"/>
        <UsageCount Value="9"/>
      </Unit7>
      <Unit8>
        <Filename Value="xicontrols\XiPanel.pas"/>
        <UnitName Value="XiPanel"/>
        <WindowIndex Value="0"/>
        <TopLine Value="1"/>
        <CursorPos X="58" Y="17"/>
        <UsageCount Value="11"/>
      </Unit8>
      <Unit9>
        <Filename Value="alphaw.pas"/>
        <ComponentName Value="frmAlphaWarning"/>
        <ResourceBaseClass Value="Form"/>
        <UnitName Value="alphaw"/>
        <WindowIndex Value="0"/>
        <TopLine Value="40"/>
        <CursorPos X="19" Y="4"/>
        <UsageCount Value="47"/>
      </Unit9>
      <Unit10>
        <Filename Value="main.lfm"/>
        <WindowIndex Value="0"/>
        <TopLine Value="1072"/>
        <CursorPos X="38" Y="1085"/>
        <UsageCount Value="10"/>
        <DefaultSyntaxHighlighter Value="LFM"/>
      </Unit10>
      <Unit11>
        <Filename Value="ssmc.pas"/>
        <UnitName Value="ssmc"/>
        <EditorIndex Value="3"/>
        <WindowIndex Value="0"/>
        <TopLine Value="145"/>
        <CursorPos X="21" Y="58"/>
        <UsageCount Value="17"/>
        <Loaded Value="True"/>
      </Unit11>
      <Unit12>
        <Filename Value="C:\lazarus\fpc\2.6.1\source\rtl\objpas\classes\classesh.inc"/>
        <WindowIndex Value="0"/>
        <TopLine Value="634"/>
        <CursorPos X="15" Y="633"/>
        <UsageCount Value="10"/>
      </Unit12>
      <Unit13>
        <Filename Value="synapse\synautil.pas"/>
        <UnitName Value="synautil"/>
        <EditorIndex Value="1"/>
        <WindowIndex Value="0"/>
        <TopLine Value="29"/>
        <CursorPos X="2" Y="51"/>
        <UsageCount Value="12"/>
        <Loaded Value="True"/>
      </Unit13>
    </Units>
    <JumpHistory Count="30" HistoryIndex="29">
      <Position1>
        <Filename Value="main.pas"/>
        <Caret Line="156" Column="1" TopLine="153"/>
      </Position1>
      <Position2>
        <Filename Value="main.pas"/>
        <Caret Line="155" Column="1" TopLine="152"/>
      </Position2>
      <Position3>
        <Filename Value="main.pas"/>
        <Caret Line="109" Column="21" TopLine="94"/>
      </Position3>
      <Position4>
        <Filename Value="main.pas"/>
        <Caret Line="510" Column="27" TopLine="496"/>
      </Position4>
      <Position5>
        <Filename Value="main.pas"/>
        <Caret Line="636" Column="63" TopLine="615"/>
      </Position5>
      <Position6>
        <Filename Value="main.pas"/>
        <Caret Line="91" Column="78" TopLine="83"/>
      </Position6>
      <Position7>
        <Filename Value="main.pas"/>
        <Caret Line="468" Column="52" TopLine="462"/>
      </Position7>
      <Position8>
        <Filename Value="main.pas"/>
        <Caret Line="77" Column="27" TopLine="62"/>
      </Position8>
      <Position9>
        <Filename Value="main.pas"/>
        <Caret Line="393" Column="1" TopLine="367"/>
      </Position9>
      <Position10>
        <Filename Value="synapse\synautil.pas"/>
        <Caret Line="1" Column="1" TopLine="1"/>
      </Position10>
      <Position11>
        <Filename Value="main.pas"/>
        <Caret Line="419" Column="9" TopLine="1"/>
      </Position11>
      <Position12>
        <Filename Value="main.pas"/>
        <Caret Line="284" Column="8" TopLine="246"/>
      </Position12>
      <Position13>
        <Filename Value="main.pas"/>
        <Caret Line="233" Column="1" TopLine="211"/>
      </Position13>
      <Position14>
        <Filename Value="main.pas"/>
        <Caret Line="246" Column="34" TopLine="211"/>
      </Position14>
      <Position15>
        <Filename Value="main.pas"/>
        <Caret Line="202" Column="43" TopLine="191"/>
      </Position15>
      <Position16>
        <Filename Value="main.pas"/>
        <Caret Line="176" Column="43" TopLine="151"/>
      </Position16>
      <Position17>
        <Filename Value="main.pas"/>
        <Caret Line="165" Column="14" TopLine="151"/>
      </Position17>
      <Position18>
        <Filename Value="main.pas"/>
        <Caret Line="167" Column="1" TopLine="151"/>
      </Position18>
      <Position19>
        <Filename Value="main.pas"/>
        <Caret Line="132" Column="79" TopLine="103"/>
      </Position19>
      <Position20>
        <Filename Value="main.pas"/>
        <Caret Line="133" Column="70" TopLine="110"/>
      </Position20>
      <Position21>
        <Filename Value="main.pas"/>
        <Caret Line="142" Column="41" TopLine="111"/>
      </Position21>
      <Position22>
        <Filename Value="main.pas"/>
        <Caret Line="587" Column="24" TopLine="569"/>
      </Position22>
      <Position23>
        <Filename Value="main.pas"/>
        <Caret Line="136" Column="31" TopLine="93"/>
      </Position23>
      <Position24>
        <Filename Value="main.pas"/>
        <Caret Line="135" Column="43" TopLine="116"/>
      </Position24>
      <Position25>
        <Filename Value="main.pas"/>
        <Caret Line="499" Column="3" TopLine="496"/>
      </Position25>
      <Position26>
        <Filename Value="main.pas"/>
        <Caret Line="516" Column="3" TopLine="513"/>
      </Position26>
      <Position27>
        <Filename Value="main.pas"/>
        <Caret Line="287" Column="41" TopLine="259"/>
      </Position27>
      <Position28>
        <Filename Value="main.pas"/>
        <Caret Line="289" Column="51" TopLine="263"/>
      </Position28>
      <Position29>
        <Filename Value="main.pas"/>
        <Caret Line="291" Column="11" TopLine="263"/>
      </Position29>
      <Position30>
        <Filename Value="main.pas"/>
        <Caret Line="289" Column="7" TopLine="263"/>
      </Position30>
    </JumpHistory>
  </ProjectOptions>
  <CompilerOptions>
    <Version Value="11"/>
    <PathDelim Value="\"/>
    <SearchPaths>
      <IncludeFiles Value="$(ProjOutDir)"/>
      <OtherUnitFiles Value="synapse;xicontrols"/>
    </SearchPaths>
    <CodeGeneration>
      <Optimizations>
        <OptimizationLevel Value="3"/>
      </Optimizations>
    </CodeGeneration>
    <Linking>
      <Debugging>
        <StripSymbols Value="True"/>
      </Debugging>
      <Options>
        <Win32>
          <GraphicApplication Value="True"/>
        </Win32>
      </Options>
    </Linking>
    <Other>
      <CompilerMessages>
        <UseMsgFile Value="True"/>
      </CompilerMessages>
      <CompilerPath Value="$(CompPath)"/>
    </Other>
  </CompilerOptions>
  <Debugging>
    <Exceptions Count="3">
      <Item1>
        <Name Value="EAbort"/>
      </Item1>
      <Item2>
        <Name Value="ECodetoolError"/>
      </Item2>
      <Item3>
        <Name Value="EFOpenError"/>
      </Item3>
    </Exceptions>
  </Debugging>
  <EditorMacros Count="0"/>
</CONFIG>
