<?xml version="1.0"?>
<CONFIG>
  <ProjectOptions>
    <Version Value="9"/>
    <PathDelim Value="\"/>
    <General>
      <MainUnit Value="0"/>
      <UseXPManifest Value="True"/>
      <Icon Value="0"/>
      <ActiveWindowIndexAtStart Value="0"/>
    </General>
    <VersionInfo>
      <Language Value=""/>
      <CharSet Value=""/>
      <StringTable ProductVersion=""/>
    </VersionInfo>
    <BuildModes Count="1">
      <Item1 Name="default" Default="True"/>
    </BuildModes>
    <PublishOptions>
      <Version Value="2"/>
      <IgnoreBinaries Value="False"/>
      <IncludeFileFilter Value="*.(pas|pp|inc|lfm|lpr|lrs|lpi|lpk|sh|xml)"/>
      <ExcludeFileFilter Value="*.(bak|ppu|ppw|o|so);*~;backup"/>
    </PublishOptions>
    <RunParams>
      <local>
        <FormatVersion Value="1"/>
        <LaunchingApplication PathPlusParams="\usr\X11R6\bin\xterm -T 'Lazarus Run Output' -e $(LazarusDir)\tools\runwait.sh $(TargetCmdLine)"/>
      </local>
    </RunParams>
    <RequiredPackages Count="3">
      <Item1>
        <PackageName Value="TurboPowerIPro"/>
      </Item1>
      <Item2>
        <PackageName Value="SynEdit"/>
        <MinVersion Major="1" Valid="True"/>
      </Item2>
      <Item3>
        <PackageName Value="LCL"/>
      </Item3>
    </RequiredPackages>
    <Units Count="10">
      <Unit0>
        <Filename Value="ssm.lpr"/>
        <IsPartOfProject Value="True"/>
        <UnitName Value="ssm"/>
        <EditorIndex Value="4"/>
        <WindowIndex Value="0"/>
        <TopLine Value="1"/>
        <CursorPos X="1" Y="22"/>
        <UsageCount Value="40"/>
        <Loaded Value="True"/>
        <LoadedDesigner Value="True"/>
        <DefaultSyntaxHighlighter Value="Delphi"/>
      </Unit0>
      <Unit1>
        <Filename Value="main.pas"/>
        <IsPartOfProject Value="True"/>
        <ComponentName Value="frmMain"/>
        <HasResources Value="True"/>
        <ResourceBaseClass Value="Form"/>
        <UnitName Value="main"/>
        <IsVisibleTab Value="True"/>
        <EditorIndex Value="0"/>
        <WindowIndex Value="0"/>
        <TopLine Value="250"/>
        <CursorPos X="1" Y="2"/>
        <UsageCount Value="40"/>
        <Loaded Value="True"/>
        <LoadedDesigner Value="True"/>
        <DefaultSyntaxHighlighter Value="Delphi"/>
      </Unit1>
      <Unit2>
        <Filename Value="..\synapse\source\lib\synacode.pas"/>
        <IsPartOfProject Value="True"/>
        <UnitName Value="synacode"/>
        <UsageCount Value="40"/>
        <DefaultSyntaxHighlighter Value="Delphi"/>
      </Unit2>
      <Unit3>
        <Filename Value="..\synapse\source\lib\httpsend.pas"/>
        <IsPartOfProject Value="True"/>
        <UnitName Value="httpsend"/>
        <UsageCount Value="40"/>
        <DefaultSyntaxHighlighter Value="Delphi"/>
      </Unit3>
      <Unit4>
        <Filename Value="about.pas"/>
        <IsPartOfProject Value="True"/>
        <ComponentName Value="frmAbout"/>
        <HasResources Value="True"/>
        <ResourceBaseClass Value="Form"/>
        <UnitName Value="about"/>
        <EditorIndex Value="3"/>
        <WindowIndex Value="0"/>
        <TopLine Value="1"/>
        <CursorPos X="5" Y="18"/>
        <UsageCount Value="32"/>
        <Loaded Value="True"/>
        <LoadedDesigner Value="True"/>
        <DefaultSyntaxHighlighter Value="Delphi"/>
      </Unit4>
      <Unit5>
        <Filename Value="synapse\source\lib\ssfpc.pas"/>
        <UnitName Value="ssfpc"/>
        <WindowIndex Value="0"/>
        <TopLine Value="1"/>
        <CursorPos X="6" Y="517"/>
        <UsageCount Value="9"/>
        <DefaultSyntaxHighlighter Value="Delphi"/>
      </Unit5>
      <Unit6>
        <Filename Value="FastHTMLParser.pas"/>
        <UnitName Value="FastHTMLParser"/>
        <WindowIndex Value="0"/>
        <TopLine Value="471"/>
        <CursorPos X="34" Y="100"/>
        <UsageCount Value="9"/>
        <DefaultSyntaxHighlighter Value="Delphi"/>
      </Unit6>
      <Unit7>
        <Filename Value="xmlparser.pas"/>
        <UnitName Value="XMLParser"/>
        <WindowIndex Value="0"/>
        <TopLine Value="223"/>
        <CursorPos X="1" Y="24"/>
        <UsageCount Value="10"/>
        <DefaultSyntaxHighlighter Value="Delphi"/>
      </Unit7>
      <Unit8>
        <Filename Value="xicontrols\XiPanel.pas"/>
        <UnitName Value="XiPanel"/>
        <EditorIndex Value="2"/>
        <WindowIndex Value="0"/>
        <TopLine Value="1"/>
        <CursorPos X="58" Y="17"/>
        <UsageCount Value="12"/>
        <Loaded Value="True"/>
        <DefaultSyntaxHighlighter Value="Delphi"/>
      </Unit8>
      <Unit9>
        <Filename Value="alphaw.pas"/>
        <IsPartOfProject Value="True"/>
        <ComponentName Value="frmAlphaWarning"/>
        <ResourceBaseClass Value="Form"/>
        <UnitName Value="alphaw"/>
        <EditorIndex Value="1"/>
        <WindowIndex Value="0"/>
        <TopLine Value="16"/>
        <CursorPos X="45" Y="22"/>
        <UsageCount Value="21"/>
        <Loaded Value="True"/>
        <LoadedDesigner Value="True"/>
      </Unit9>
    </Units>
    <JumpHistory Count="30" HistoryIndex="29">
      <Position1>
        <Filename Value="main.pas"/>
        <Caret Line="432" Column="40" TopLine="424"/>
      </Position1>
      <Position2>
        <Filename Value="main.pas"/>
        <Caret Line="457" Column="19" TopLine="449"/>
      </Position2>
      <Position3>
        <Filename Value="main.pas"/>
        <Caret Line="449" Column="46" TopLine="446"/>
      </Position3>
      <Position4>
        <Filename Value="main.pas"/>
        <Caret Line="318" Column="48" TopLine="309"/>
      </Position4>
      <Position5>
        <Filename Value="main.pas"/>
        <Caret Line="448" Column="3" TopLine="437"/>
      </Position5>
      <Position6>
        <Filename Value="alphaw.pas"/>
        <Caret Line="20" Column="23" TopLine="12"/>
      </Position6>
      <Position7>
        <Filename Value="alphaw.pas"/>
        <Caret Line="36" Column="30" TopLine="17"/>
      </Position7>
      <Position8>
        <Filename Value="main.pas"/>
        <Caret Line="1" Column="11" TopLine="1"/>
      </Position8>
      <Position9>
        <Filename Value="main.pas"/>
        <Caret Line="449" Column="18" TopLine="442"/>
      </Position9>
      <Position10>
        <Filename Value="alphaw.pas"/>
        <Caret Line="28" Column="3" TopLine="27"/>
      </Position10>
      <Position11>
        <Filename Value="alphaw.pas"/>
        <Caret Line="47" Column="39" TopLine="38"/>
      </Position11>
      <Position12>
        <Filename Value="main.pas"/>
        <Caret Line="452" Column="27" TopLine="520"/>
      </Position12>
      <Position13>
        <Filename Value="main.pas"/>
        <Caret Line="1" Column="1" TopLine="1"/>
      </Position13>
      <Position14>
        <Filename Value="main.pas"/>
        <Caret Line="64" Column="12" TopLine="46"/>
      </Position14>
      <Position15>
        <Filename Value="main.pas"/>
        <Caret Line="327" Column="10" TopLine="309"/>
      </Position15>
      <Position16>
        <Filename Value="main.pas"/>
        <Caret Line="329" Column="53" TopLine="311"/>
      </Position16>
      <Position17>
        <Filename Value="main.pas"/>
        <Caret Line="331" Column="81" TopLine="313"/>
      </Position17>
      <Position18>
        <Filename Value="main.pas"/>
        <Caret Line="437" Column="35" TopLine="419"/>
      </Position18>
      <Position19>
        <Filename Value="main.pas"/>
        <Caret Line="458" Column="41" TopLine="446"/>
      </Position19>
      <Position20>
        <Filename Value="main.pas"/>
        <Caret Line="455" Column="52" TopLine="444"/>
      </Position20>
      <Position21>
        <Filename Value="main.pas"/>
        <Caret Line="232" Column="24" TopLine="138"/>
      </Position21>
      <Position22>
        <Filename Value="main.pas"/>
        <Caret Line="1" Column="1" TopLine="1"/>
      </Position22>
      <Position23>
        <Filename Value="main.pas"/>
        <Caret Line="64" Column="12" TopLine="46"/>
      </Position23>
      <Position24>
        <Filename Value="alphaw.pas"/>
        <Caret Line="41" Column="33" TopLine="32"/>
      </Position24>
      <Position25>
        <Filename Value="alphaw.pas"/>
        <Caret Line="68" Column="1" TopLine="57"/>
      </Position25>
      <Position26>
        <Filename Value="alphaw.pas"/>
        <Caret Line="9" Column="29" TopLine="2"/>
      </Position26>
      <Position27>
        <Filename Value="alphaw.pas"/>
        <Caret Line="68" Column="15" TopLine="57"/>
      </Position27>
      <Position28>
        <Filename Value="main.pas"/>
        <Caret Line="390" Column="63" TopLine="378"/>
      </Position28>
      <Position29>
        <Filename Value="main.pas"/>
        <Caret Line="1" Column="1" TopLine="1"/>
      </Position29>
      <Position30>
        <Filename Value="main.pas"/>
        <Caret Line="206" Column="22" TopLine="188"/>
      </Position30>
    </JumpHistory>
  </ProjectOptions>
  <CompilerOptions>
    <Version Value="11"/>
    <PathDelim Value="\"/>
    <SearchPaths>
      <IncludeFiles Value="$(ProjOutDir)"/>
      <OtherUnitFiles Value="synapse;xicontrols"/>
    </SearchPaths>
    <Linking>
      <Debugging>
        <GenerateDebugInfo Value="False"/>
        <StripSymbols Value="True"/>
      </Debugging>
      <Options>
        <Win32>
          <GraphicApplication Value="True"/>
        </Win32>
      </Options>
    </Linking>
    <Other>
      <CompilerMessages>
        <UseMsgFile Value="True"/>
      </CompilerMessages>
      <CompilerPath Value="$(CompPath)"/>
    </Other>
  </CompilerOptions>
  <Debugging>
    <Exceptions Count="3">
      <Item1>
        <Name Value="EAbort"/>
      </Item1>
      <Item2>
        <Name Value="ECodetoolError"/>
      </Item2>
      <Item3>
        <Name Value="EFOpenError"/>
      </Item3>
    </Exceptions>
  </Debugging>
  <EditorMacros Count="0"/>
</CONFIG>
